// !$*UTF8*$!
{
	archiveVersion = 1;
	classes = {
	};
	objectVersion = 46;
	objects = {

/* Begin PBXBuildFile section */
		OBJ_31 /* AtomicArray.swift in Sources */ = {isa = PBXBuildFile; fileRef = OBJ_9 /* AtomicArray.swift */; };
		OBJ_32 /* AtomicBool.swift in Sources */ = {isa = PBXBuildFile; fileRef = OBJ_10 /* AtomicBool.swift */; };
		OBJ_33 /* AtomicClosure.swift in Sources */ = {isa = PBXBuildFile; fileRef = OBJ_11 /* AtomicClosure.swift */; };
		OBJ_34 /* AtomicDic.swift in Sources */ = {isa = PBXBuildFile; fileRef = OBJ_12 /* AtomicDic.swift */; };
		OBJ_35 /* AtomicInt.swift in Sources */ = {isa = PBXBuildFile; fileRef = OBJ_13 /* AtomicInt.swift */; };
		OBJ_36 /* AtomicQueue.swift in Sources */ = {isa = PBXBuildFile; fileRef = OBJ_14 /* AtomicQueue.swift */; };
		OBJ_37 /* AtomicSet.swift in Sources */ = {isa = PBXBuildFile; fileRef = OBJ_15 /* AtomicSet.swift */; };
		OBJ_38 /* AtomicStack.swift in Sources */ = {isa = PBXBuildFile; fileRef = OBJ_16 /* AtomicStack.swift */; };
		OBJ_39 /* AtomicValue.swift in Sources */ = {isa = PBXBuildFile; fileRef = OBJ_17 /* AtomicValue.swift */; };
		OBJ_40 /* Lock.swift in Sources */ = {isa = PBXBuildFile; fileRef = OBJ_18 /* Lock.swift */; };
		OBJ_41 /* RWLock.swift in Sources */ = {isa = PBXBuildFile; fileRef = OBJ_19 /* RWLock.swift */; };
		OBJ_48 /* AtomicValueTests.swift in Sources */ = {isa = PBXBuildFile; fileRef = OBJ_22 /* AtomicValueTests.swift */; };
		OBJ_50 /* AtomicValue.framework in Frameworks */ = {isa = PBXBuildFile; fileRef = OBJ_24 /* AtomicValue.framework */; };
/* End PBXBuildFile section */

/* Begin PBXContainerItemProxy section */
		014E05591F4328D900476B62 /* PBXContainerItemProxy */ = {
			isa = PBXContainerItemProxy;
			containerPortal = OBJ_1 /* Project object */;
			proxyType = 1;
			remoteGlobalIDString = OBJ_26;
			remoteInfo = AtomicValue;
		};
/* End PBXContainerItemProxy section */

/* Begin PBXFileReference section */
		OBJ_10 /* AtomicBool.swift */ = {isa = PBXFileReference; lastKnownFileType = sourcecode.swift; path = AtomicBool.swift; sourceTree = "<group>"; };
		OBJ_11 /* AtomicClosure.swift */ = {isa = PBXFileReference; lastKnownFileType = sourcecode.swift; path = AtomicClosure.swift; sourceTree = "<group>"; };
		OBJ_12 /* AtomicDic.swift */ = {isa = PBXFileReference; lastKnownFileType = sourcecode.swift; path = AtomicDic.swift; sourceTree = "<group>"; };
		OBJ_13 /* AtomicInt.swift */ = {isa = PBXFileReference; lastKnownFileType = sourcecode.swift; path = AtomicInt.swift; sourceTree = "<group>"; };
		OBJ_14 /* AtomicQueue.swift */ = {isa = PBXFileReference; lastKnownFileType = sourcecode.swift; path = AtomicQueue.swift; sourceTree = "<group>"; };
		OBJ_15 /* AtomicSet.swift */ = {isa = PBXFileReference; lastKnownFileType = sourcecode.swift; path = AtomicSet.swift; sourceTree = "<group>"; };
		OBJ_16 /* AtomicStack.swift */ = {isa = PBXFileReference; lastKnownFileType = sourcecode.swift; path = AtomicStack.swift; sourceTree = "<group>"; };
		OBJ_17 /* AtomicValue.swift */ = {isa = PBXFileReference; lastKnownFileType = sourcecode.swift; path = AtomicValue.swift; sourceTree = "<group>"; };
		OBJ_18 /* Lock.swift */ = {isa = PBXFileReference; lastKnownFileType = sourcecode.swift; path = Lock.swift; sourceTree = "<group>"; };
		OBJ_19 /* RWLock.swift */ = {isa = PBXFileReference; lastKnownFileType = sourcecode.swift; path = RWLock.swift; sourceTree = "<group>"; };
		OBJ_22 /* AtomicValueTests.swift */ = {isa = PBXFileReference; lastKnownFileType = sourcecode.swift; path = AtomicValueTests.swift; sourceTree = "<group>"; };
		OBJ_24 /* AtomicValue.framework */ = {isa = PBXFileReference; explicitFileType = wrapper.framework; path = AtomicValue.framework; sourceTree = BUILT_PRODUCTS_DIR; };
		OBJ_25 /* AtomicValueTests.xctest */ = {isa = PBXFileReference; lastKnownFileType = file; path = AtomicValueTests.xctest; sourceTree = BUILT_PRODUCTS_DIR; };
		OBJ_6 /* Package.swift */ = {isa = PBXFileReference; explicitFileType = sourcecode.swift; path = Package.swift; sourceTree = "<group>"; };
		OBJ_9 /* AtomicArray.swift */ = {isa = PBXFileReference; lastKnownFileType = sourcecode.swift; path = AtomicArray.swift; sourceTree = "<group>"; };
/* End PBXFileReference section */

/* Begin PBXFrameworksBuildPhase section */
		OBJ_42 /* Frameworks */ = {
			isa = PBXFrameworksBuildPhase;
			buildActionMask = 0;
			files = (
			);
			runOnlyForDeploymentPostprocessing = 0;
		};
		OBJ_49 /* Frameworks */ = {
			isa = PBXFrameworksBuildPhase;
			buildActionMask = 0;
			files = (
				OBJ_50 /* AtomicValue.framework in Frameworks */,
			);
			runOnlyForDeploymentPostprocessing = 0;
		};
/* End PBXFrameworksBuildPhase section */

/* Begin PBXGroup section */
		OBJ_20 /* Tests */ = {
			isa = PBXGroup;
			children = (
				OBJ_21 /* AtomicValueTests */,
			);
			name = Tests;
			sourceTree = SOURCE_ROOT;
		};
		OBJ_21 /* AtomicValueTests */ = {
			isa = PBXGroup;
			children = (
				OBJ_22 /* AtomicValueTests.swift */,
			);
			name = AtomicValueTests;
			path = Tests/AtomicValueTests;
			sourceTree = SOURCE_ROOT;
		};
		OBJ_23 /* Products */ = {
			isa = PBXGroup;
			children = (
				OBJ_24 /* AtomicValue.framework */,
				OBJ_25 /* AtomicValueTests.xctest */,
			);
			name = Products;
			sourceTree = BUILT_PRODUCTS_DIR;
		};
		OBJ_5 /*  */ = {
			isa = PBXGroup;
			children = (
				OBJ_6 /* Package.swift */,
				OBJ_7 /* Sources */,
				OBJ_20 /* Tests */,
				OBJ_23 /* Products */,
			);
			name = "";
			sourceTree = "<group>";
		};
		OBJ_7 /* Sources */ = {
			isa = PBXGroup;
			children = (
				OBJ_8 /* AtomicValue */,
			);
			name = Sources;
			sourceTree = SOURCE_ROOT;
		};
		OBJ_8 /* AtomicValue */ = {
			isa = PBXGroup;
			children = (
				OBJ_9 /* AtomicArray.swift */,
				OBJ_10 /* AtomicBool.swift */,
				OBJ_11 /* AtomicClosure.swift */,
				OBJ_12 /* AtomicDic.swift */,
				OBJ_13 /* AtomicInt.swift */,
				OBJ_14 /* AtomicQueue.swift */,
				OBJ_15 /* AtomicSet.swift */,
				OBJ_16 /* AtomicStack.swift */,
				OBJ_17 /* AtomicValue.swift */,
				OBJ_18 /* Lock.swift */,
				OBJ_19 /* RWLock.swift */,
			);
			name = AtomicValue;
			path = Sources/AtomicValue;
			sourceTree = SOURCE_ROOT;
		};
/* End PBXGroup section */

/* Begin PBXNativeTarget section */
		OBJ_26 /* AtomicValue */ = {
			isa = PBXNativeTarget;
			buildConfigurationList = OBJ_27 /* Build configuration list for PBXNativeTarget "AtomicValue" */;
			buildPhases = (
				OBJ_30 /* Sources */,
				OBJ_42 /* Frameworks */,
			);
			buildRules = (
			);
			dependencies = (
			);
			name = AtomicValue;
			productName = AtomicValue;
			productReference = OBJ_24 /* AtomicValue.framework */;
			productType = "com.apple.product-type.framework";
		};
		OBJ_43 /* AtomicValueTests */ = {
			isa = PBXNativeTarget;
			buildConfigurationList = OBJ_44 /* Build configuration list for PBXNativeTarget "AtomicValueTests" */;
			buildPhases = (
				OBJ_47 /* Sources */,
				OBJ_49 /* Frameworks */,
			);
			buildRules = (
			);
			dependencies = (
				OBJ_51 /* PBXTargetDependency */,
			);
			name = AtomicValueTests;
			productName = AtomicValueTests;
			productReference = OBJ_25 /* AtomicValueTests.xctest */;
			productType = "com.apple.product-type.bundle.unit-test";
		};
/* End PBXNativeTarget section */

/* Begin PBXProject section */
		OBJ_1 /* Project object */ = {
			isa = PBXProject;
			attributes = {
				LastUpgradeCheck = 9999;
			};
			buildConfigurationList = OBJ_2 /* Build configuration list for PBXProject "AtomicValue" */;
			compatibilityVersion = "Xcode 3.2";
			developmentRegion = English;
			hasScannedForEncodings = 0;
			knownRegions = (
				en,
			);
			mainGroup = OBJ_5 /*  */;
			productRefGroup = OBJ_23 /* Products */;
			projectDirPath = "";
			projectRoot = "";
			targets = (
				OBJ_26 /* AtomicValue */,
				OBJ_43 /* AtomicValueTests */,
			);
		};
/* End PBXProject section */

/* Begin PBXSourcesBuildPhase section */
		OBJ_30 /* Sources */ = {
			isa = PBXSourcesBuildPhase;
			buildActionMask = 0;
			files = (
				OBJ_31 /* AtomicArray.swift in Sources */,
				OBJ_32 /* AtomicBool.swift in Sources */,
				OBJ_33 /* AtomicClosure.swift in Sources */,
				OBJ_34 /* AtomicDic.swift in Sources */,
				OBJ_35 /* AtomicInt.swift in Sources */,
				OBJ_36 /* AtomicQueue.swift in Sources */,
				OBJ_37 /* AtomicSet.swift in Sources */,
				OBJ_38 /* AtomicStack.swift in Sources */,
				OBJ_39 /* AtomicValue.swift in Sources */,
				OBJ_40 /* Lock.swift in Sources */,
				OBJ_41 /* RWLock.swift in Sources */,
			);
			runOnlyForDeploymentPostprocessing = 0;
		};
		OBJ_47 /* Sources */ = {
			isa = PBXSourcesBuildPhase;
			buildActionMask = 0;
			files = (
				OBJ_48 /* AtomicValueTests.swift in Sources */,
			);
			runOnlyForDeploymentPostprocessing = 0;
		};
/* End PBXSourcesBuildPhase section */

/* Begin PBXTargetDependency section */
		OBJ_51 /* PBXTargetDependency */ = {
			isa = PBXTargetDependency;
			target = OBJ_26 /* AtomicValue */;
			targetProxy = 014E05591F4328D900476B62 /* PBXContainerItemProxy */;
		};
/* End PBXTargetDependency section */

/* Begin XCBuildConfiguration section */
		OBJ_28 /* Debug */ = {
			isa = XCBuildConfiguration;
			buildSettings = {
				ENABLE_TESTABILITY = YES;
				FRAMEWORK_SEARCH_PATHS = (
					"$(inherited)",
					"$(PLATFORM_DIR)/Developer/Library/Frameworks",
				);
				HEADER_SEARCH_PATHS = "$(inherited)";
				INFOPLIST_FILE = AtomicValue.xcodeproj/AtomicValue_Info.plist;
				LD_RUNPATH_SEARCH_PATHS = "$(TOOLCHAIN_DIR)/usr/lib/swift/macosx";
				OTHER_LDFLAGS = "$(inherited)";
				OTHER_SWIFT_FLAGS = "$(inherited)";
				PRODUCT_BUNDLE_IDENTIFIER = AtomicValue;
				PRODUCT_MODULE_NAME = "$(TARGET_NAME:c99extidentifier)";
				PRODUCT_NAME = "$(TARGET_NAME:c99extidentifier)";
				SKIP_INSTALL = YES;
				TARGET_NAME = AtomicValue;
			};
			name = Debug;
		};
		OBJ_29 /* Release */ = {
			isa = XCBuildConfiguration;
			buildSettings = {
				ENABLE_TESTABILITY = YES;
				FRAMEWORK_SEARCH_PATHS = (
					"$(inherited)",
					"$(PLATFORM_DIR)/Developer/Library/Frameworks",
				);
				HEADER_SEARCH_PATHS = "$(inherited)";
				INFOPLIST_FILE = AtomicValue.xcodeproj/AtomicValue_Info.plist;
				LD_RUNPATH_SEARCH_PATHS = "$(TOOLCHAIN_DIR)/usr/lib/swift/macosx";
				OTHER_LDFLAGS = "$(inherited)";
				OTHER_SWIFT_FLAGS = "$(inherited)";
				PRODUCT_BUNDLE_IDENTIFIER = AtomicValue;
				PRODUCT_MODULE_NAME = "$(TARGET_NAME:c99extidentifier)";
				PRODUCT_NAME = "$(TARGET_NAME:c99extidentifier)";
				SKIP_INSTALL = YES;
				TARGET_NAME = AtomicValue;
			};
			name = Release;
		};
		OBJ_3 /* Debug */ = {
			isa = XCBuildConfiguration;
			buildSettings = {
				CLANG_ENABLE_OBJC_ARC = YES;
				COMBINE_HIDPI_IMAGES = YES;
				COPY_PHASE_STRIP = NO;
				DEBUG_INFORMATION_FORMAT = dwarf;
				DYLIB_INSTALL_NAME_BASE = "@rpath";
				ENABLE_NS_ASSERTIONS = YES;
				GCC_OPTIMIZATION_LEVEL = 0;
				MACOSX_DEPLOYMENT_TARGET = 10.10;
				ONLY_ACTIVE_ARCH = YES;
				OTHER_SWIFT_FLAGS = "-DXcode";
				PRODUCT_NAME = "$(TARGET_NAME)";
				SDKROOT = macosx;
				SUPPORTED_PLATFORMS = "macosx iphoneos iphonesimulator appletvos appletvsimulator watchos watchsimulator";
				SWIFT_ACTIVE_COMPILATION_CONDITIONS = SWIFT_PACKAGE;
				SWIFT_OPTIMIZATION_LEVEL = "-Onone";
				SWIFT_VERSION = 3.0;
				USE_HEADERMAP = NO;
			};
			name = Debug;
		};
		OBJ_4 /* Release */ = {
			isa = XCBuildConfiguration;
			buildSettings = {
				CLANG_ENABLE_OBJC_ARC = YES;
				COMBINE_HIDPI_IMAGES = YES;
				COPY_PHASE_STRIP = YES;
				DEBUG_INFORMATION_FORMAT = "dwarf-with-dsym";
				DYLIB_INSTALL_NAME_BASE = "@rpath";
				GCC_OPTIMIZATION_LEVEL = s;
				MACOSX_DEPLOYMENT_TARGET = 10.10;
				OTHER_SWIFT_FLAGS = "-DXcode";
				PRODUCT_NAME = "$(TARGET_NAME)";
				SDKROOT = macosx;
				SUPPORTED_PLATFORMS = "macosx iphoneos iphonesimulator appletvos appletvsimulator watchos watchsimulator";
				SWIFT_ACTIVE_COMPILATION_CONDITIONS = SWIFT_PACKAGE;
				SWIFT_OPTIMIZATION_LEVEL = "-Owholemodule";
				SWIFT_VERSION = 3.0;
				USE_HEADERMAP = NO;
			};
			name = Release;
		};
		OBJ_45 /* Debug */ = {
			isa = XCBuildConfiguration;
			buildSettings = {
				EMBEDDED_CONTENT_CONTAINS_SWIFT = YES;
				FRAMEWORK_SEARCH_PATHS = (
					"$(inherited)",
					"$(PLATFORM_DIR)/Developer/Library/Frameworks",
				);
				HEADER_SEARCH_PATHS = "$(inherited)";
				INFOPLIST_FILE = AtomicValue.xcodeproj/AtomicValueTests_Info.plist;
				LD_RUNPATH_SEARCH_PATHS = "@loader_path/../Frameworks @loader_path/Frameworks";
				OTHER_LDFLAGS = "$(inherited)";
				OTHER_SWIFT_FLAGS = "$(inherited)";
				TARGET_NAME = AtomicValueTests;
			};
			name = Debug;
		};
		OBJ_46 /* Release */ = {
			isa = XCBuildConfiguration;
			buildSettings = {
				EMBEDDED_CONTENT_CONTAINS_SWIFT = YES;
				FRAMEWORK_SEARCH_PATHS = (
					"$(inherited)",
					"$(PLATFORM_DIR)/Developer/Library/Frameworks",
				);
				HEADER_SEARCH_PATHS = "$(inherited)";
				INFOPLIST_FILE = AtomicValue.xcodeproj/AtomicValueTests_Info.plist;
				LD_RUNPATH_SEARCH_PATHS = "@loader_path/../Frameworks @loader_path/Frameworks";
				OTHER_LDFLAGS = "$(inherited)";
				OTHER_SWIFT_FLAGS = "$(inherited)";
				TARGET_NAME = AtomicValueTests;
			};
			name = Release;
		};
/* End XCBuildConfiguration section */

/* Begin XCConfigurationList section */
		OBJ_2 /* Build configuration list for PBXProject "AtomicValue" */ = {
			isa = XCConfigurationList;
			buildConfigurations = (
				OBJ_3 /* Debug */,
				OBJ_4 /* Release */,
			);
			defaultConfigurationIsVisible = 0;
			defaultConfigurationName = Debug;
		};
		OBJ_27 /* Build configuration list for PBXNativeTarget "AtomicValue" */ = {
			isa = XCConfigurationList;
			buildConfigurations = (
				OBJ_28 /* Debug */,
				OBJ_29 /* Release */,
			);
			defaultConfigurationIsVisible = 0;
			defaultConfigurationName = Debug;
		};
		OBJ_44 /* Build configuration list for PBXNativeTarget "AtomicValueTests" */ = {
			isa = XCConfigurationList;
			buildConfigurations = (
				OBJ_45 /* Debug */,
				OBJ_46 /* Release */,
			);
			defaultConfigurationIsVisible = 0;
			defaultConfigurationName = Debug;
		};
/* End XCConfigurationList section */
	};
	rootObject = OBJ_1 /* Project object */;
}
